
Microsoft Visual Studio Solution File, Format Version 12.00
# Visual Studio Version 17
VisualStudioVersion = 17.0.32126.317
MinimumVisualStudioVersion = 10.0.40219.1
Project("{FAE04EC0-301F-11D3-BF4B-00C04F79EFBC}") = "MatheAufgabe", "MatheAufgabe\MatheAufgabe.csproj", "{A39307F4-3863-4E23-99A9-3093FE45AD0E}"
EndProject
Global
	GlobalSection(SolutionConfigurationPlatforms) = preSolution
		Debug|Any CPU = Debug|Any CPU
		Release|Any CPU = Release|Any CPU
	EndGlobalSection
	GlobalSection(ProjectConfigurationPlatforms) = postSolution
		{A39307F4-3863-4E23-99A9-3093FE45AD0E}.Debug|Any CPU.ActiveCfg = Debug|Any CPU
		{A39307F4-3863-4E23-99A9-3093FE45AD0E}.Debug|Any CPU.Build.0 = Debug|Any CPU
		{A39307F4-3863-4E23-99A9-3093FE45AD0E}.Release|Any CPU.ActiveCfg = Release|Any CPU
		{A39307F4-3863-4E23-99A9-3093FE45AD0E}.Release|Any CPU.Build.0 = Release|Any CPU
	EndGlobalSection
	GlobalSection(SolutionProperties) = preSolution
		HideSolutionNode = FALSE
	EndGlobalSection
	GlobalSection(ExtensibilityGlobals) = postSolution
		SolutionGuid = {E2F2A740-47C3-41C0-B532-43EE73D03550}
	EndGlobalSection
EndGlobal
